
Microsoft Visual Studio Solution File, Format Version 12.00
# Visual Studio Version 16
VisualStudioVersion = 16.0.29209.62
MinimumVisualStudioVersion = 10.0.40219.1
Project("{FAE04EC0-301F-11D3-BF4B-00C04F79EFBC}") = "AdvertAPI", "AdvertAPI.csproj", "{A2362554-6731-4B18-A39A-CA71FF5308EE}"
EndProject
Project("{FAE04EC0-301F-11D3-BF4B-00C04F79EFBC}") = "AdvertAPI.Models", "..\AdvertAPI.Models\AdvertAPI.Models.csproj", "{7A1FBE0C-8B21-4FDF-B5D7-0662966BDFD0}"
EndProject
Global
	GlobalSection(SolutionConfigurationPlatforms) = preSolution
		Debug|Any CPU = Debug|Any CPU
		Release|Any CPU = Release|Any CPU
	EndGlobalSection
	GlobalSection(ProjectConfigurationPlatforms) = postSolution
		{A2362554-6731-4B18-A39A-CA71FF5308EE}.Debug|Any CPU.ActiveCfg = Debug|Any CPU
		{A2362554-6731-4B18-A39A-CA71FF5308EE}.Debug|Any CPU.Build.0 = Debug|Any CPU
		{A2362554-6731-4B18-A39A-CA71FF5308EE}.Release|Any CPU.ActiveCfg = Release|Any CPU
		{A2362554-6731-4B18-A39A-CA71FF5308EE}.Release|Any CPU.Build.0 = Release|Any CPU
		{7A1FBE0C-8B21-4FDF-B5D7-0662966BDFD0}.Debug|Any CPU.ActiveCfg = Debug|Any CPU
		{7A1FBE0C-8B21-4FDF-B5D7-0662966BDFD0}.Debug|Any CPU.Build.0 = Debug|Any CPU
		{7A1FBE0C-8B21-4FDF-B5D7-0662966BDFD0}.Release|Any CPU.ActiveCfg = Release|Any CPU
		{7A1FBE0C-8B21-4FDF-B5D7-0662966BDFD0}.Release|Any CPU.Build.0 = Release|Any CPU
	EndGlobalSection
	GlobalSection(SolutionProperties) = preSolution
		HideSolutionNode = FALSE
	EndGlobalSection
	GlobalSection(ExtensibilityGlobals) = postSolution
		SolutionGuid = {F34EBB87-186C-431C-98D4-478B875E2308}
	EndGlobalSection
EndGlobal
